{
  "name": "trade-ripper",
  "lockfileVersion": 2,
  "requires": true,
  "packages": {
    "": {
      "dependencies": {
        "date-fns-tz": "^1.3.7"
      }
    },
    "node_modules/date-fns": {
      "version": "2.29.3",
      "resolved": "https://registry.npmjs.org/date-fns/-/date-fns-2.29.3.tgz",
      "integrity": "sha512-dDCnyH2WnnKusqvZZ6+jA1O51Ibt8ZMRNkDZdyAyK4YfbDwa/cEmuztzG5pk6hqlp9aSBPYcjOlktquahGwGeA==",
      "peer": true,
      "engines": {
        "node": ">=0.11"
      },
      "funding": {
        "type": "opencollective",
        "url": "https://opencollective.com/date-fns"
      }
    },
    "node_modules/date-fns-tz": {
      "version": "1.3.7",
      "resolved": "https://registry.npmjs.org/date-fns-tz/-/date-fns-tz-1.3.7.tgz",
      "integrity": "sha512-1t1b8zyJo+UI8aR+g3iqr5fkUHWpd58VBx8J/ZSQ+w7YrGlw80Ag4sA86qkfCXRBLmMc4I2US+aPMd4uKvwj5g==",
      "peerDependencies": {
        "date-fns": ">=2.0.0"
      }
    }
  },
  "dependencies": {
    "date-fns": {
      "version": "2.29.3",
      "resolved": "https://registry.npmjs.org/date-fns/-/date-fns-2.29.3.tgz",
      "integrity": "sha512-dDCnyH2WnnKusqvZZ6+jA1O51Ibt8ZMRNkDZdyAyK4YfbDwa/cEmuztzG5pk6hqlp9aSBPYcjOlktquahGwGeA==",
      "peer": true
    },
    "date-fns-tz": {
      "version": "1.3.7",
      "resolved": "https://registry.npmjs.org/date-fns-tz/-/date-fns-tz-1.3.7.tgz",
      "integrity": "sha512-1t1b8zyJo+UI8aR+g3iqr5fkUHWpd58VBx8J/ZSQ+w7YrGlw80Ag4sA86qkfCXRBLmMc4I2US+aPMd4uKvwj5g==",
      "requires": {}
    }
  }
}
